lockfileVersion: '9.0'

settings:
  autoInstallPeers: true
  excludeLinksFromLockfile: false

importers:

  .:
    dependencies:
      html-to-image:
        specifier: ^1.11.13
        version: 1.11.13

packages:

  html-to-image@1.11.13:
    resolution: {integrity: sha512-cuOPoI7WApyhBElTTb9oqsawRvZ0rHhaHwghRLlTuffoD1B2aDemlCruLeZrUIIdvG7gs9xeELEPm6PhuASqrg==}

snapshots:

  html-to-image@1.11.13: {}
